
Microsoft Visual Studio Solution File, Format Version 12.00
# Visual Studio Version 17
VisualStudioVersion = 17.11.35327.3
MinimumVisualStudioVersion = 10.0.40219.1
Project("{FAE04EC0-301F-11D3-BF4B-00C04F79EFBC}") = "CS_Learning_7", "CS_Learning_7.csproj", "{13CC01D5-A157-4CBC-93CB-06C646E402A0}"
EndProject
Global
	GlobalSection(SolutionConfigurationPlatforms) = preSolution
		Debug|Any CPU = Debug|Any CPU
		Release|Any CPU = Release|Any CPU
	EndGlobalSection
	GlobalSection(ProjectConfigurationPlatforms) = postSolution
		{13CC01D5-A157-4CBC-93CB-06C646E402A0}.Debug|Any CPU.ActiveCfg = Debug|Any CPU
		{13CC01D5-A157-4CBC-93CB-06C646E402A0}.Debug|Any CPU.Build.0 = Debug|Any CPU
		{13CC01D5-A157-4CBC-93CB-06C646E402A0}.Release|Any CPU.ActiveCfg = Release|Any CPU
		{13CC01D5-A157-4CBC-93CB-06C646E402A0}.Release|Any CPU.Build.0 = Release|Any CPU
	EndGlobalSection
	GlobalSection(SolutionProperties) = preSolution
		HideSolutionNode = FALSE
	EndGlobalSection
	GlobalSection(ExtensibilityGlobals) = postSolution
		SolutionGuid = {9202DF15-B423-41B3-A0CA-0BAC83086BD2}
	EndGlobalSection
EndGlobal
