
Microsoft Visual Studio Solution File, Format Version 12.00
# Visual Studio Version 17
VisualStudioVersion = 17.11.35312.102
MinimumVisualStudioVersion = 10.0.40219.1
Project("{FAE04EC0-301F-11D3-BF4B-00C04F79EFBC}") = "CS_Learning_3", "CS_Learning_3.csproj", "{39858331-8659-4DBF-A27B-739EF352BE11}"
EndProject
Global
	GlobalSection(SolutionConfigurationPlatforms) = preSolution
		Debug|Any CPU = Debug|Any CPU
		Release|Any CPU = Release|Any CPU
	EndGlobalSection
	GlobalSection(ProjectConfigurationPlatforms) = postSolution
		{39858331-8659-4DBF-A27B-739EF352BE11}.Debug|Any CPU.ActiveCfg = Debug|Any CPU
		{39858331-8659-4DBF-A27B-739EF352BE11}.Debug|Any CPU.Build.0 = Debug|Any CPU
		{39858331-8659-4DBF-A27B-739EF352BE11}.Release|Any CPU.ActiveCfg = Release|Any CPU
		{39858331-8659-4DBF-A27B-739EF352BE11}.Release|Any CPU.Build.0 = Release|Any CPU
	EndGlobalSection
	GlobalSection(SolutionProperties) = preSolution
		HideSolutionNode = FALSE
	EndGlobalSection
	GlobalSection(ExtensibilityGlobals) = postSolution
		SolutionGuid = {3BC7FBBA-AF27-4B83-B0C0-218A294527A6}
	EndGlobalSection
EndGlobal
