
Microsoft Visual Studio Solution File, Format Version 12.00
# Visual Studio Version 17
VisualStudioVersion = 17.11.35312.102
MinimumVisualStudioVersion = 10.0.40219.1
Project("{FAE04EC0-301F-11D3-BF4B-00C04F79EFBC}") = "CS_Learning_2_2", "CS_Learning_2_2.csproj", "{FB1E40C3-EA44-49A1-8BD6-A0C21A9B47D7}"
EndProject
Global
	GlobalSection(SolutionConfigurationPlatforms) = preSolution
		Debug|Any CPU = Debug|Any CPU
		Release|Any CPU = Release|Any CPU
	EndGlobalSection
	GlobalSection(ProjectConfigurationPlatforms) = postSolution
		{FB1E40C3-EA44-49A1-8BD6-A0C21A9B47D7}.Debug|Any CPU.ActiveCfg = Debug|Any CPU
		{FB1E40C3-EA44-49A1-8BD6-A0C21A9B47D7}.Debug|Any CPU.Build.0 = Debug|Any CPU
		{FB1E40C3-EA44-49A1-8BD6-A0C21A9B47D7}.Release|Any CPU.ActiveCfg = Release|Any CPU
		{FB1E40C3-EA44-49A1-8BD6-A0C21A9B47D7}.Release|Any CPU.Build.0 = Release|Any CPU
	EndGlobalSection
	GlobalSection(SolutionProperties) = preSolution
		HideSolutionNode = FALSE
	EndGlobalSection
	GlobalSection(ExtensibilityGlobals) = postSolution
		SolutionGuid = {00EAA58D-0BC7-47EC-9D90-68B64573BA3F}
	EndGlobalSection
EndGlobal
